
Microsoft Visual Studio Solution File, Format Version 12.00
# Visual Studio Version 16
VisualStudioVersion = 16.0.30104.148
MinimumVisualStudioVersion = 10.0.40219.1
Project("{FAE04EC0-301F-11D3-BF4B-00C04F79EFBC}") = "MyBinaryHeap", "MyBinaryHeap.csproj", "{2F72382A-DF96-4F25-ACF6-B667A660A833}"
EndProject
Global
	GlobalSection(SolutionConfigurationPlatforms) = preSolution
		Debug|Any CPU = Debug|Any CPU
		Release|Any CPU = Release|Any CPU
	EndGlobalSection
	GlobalSection(ProjectConfigurationPlatforms) = postSolution
		{2F72382A-DF96-4F25-ACF6-B667A660A833}.Debug|Any CPU.ActiveCfg = Debug|Any CPU
		{2F72382A-DF96-4F25-ACF6-B667A660A833}.Debug|Any CPU.Build.0 = Debug|Any CPU
		{2F72382A-DF96-4F25-ACF6-B667A660A833}.Release|Any CPU.ActiveCfg = Release|Any CPU
		{2F72382A-DF96-4F25-ACF6-B667A660A833}.Release|Any CPU.Build.0 = Release|Any CPU
	EndGlobalSection
	GlobalSection(SolutionProperties) = preSolution
		HideSolutionNode = FALSE
	EndGlobalSection
	GlobalSection(ExtensibilityGlobals) = postSolution
		SolutionGuid = {857AA84B-6704-47D5-9E10-6BA312913FAB}
	EndGlobalSection
EndGlobal
